# THIS IS AN AUTOGENERATED FILE. DO NOT EDIT THIS FILE DIRECTLY.
# yarn lockfile v1


"@directus/sdk-js@^9.0.0-rc.34":
  version "9.0.0-rc.34"
  resolved "https://registry.yarnpkg.com/@directus/sdk-js/-/sdk-js-9.0.0-rc.34.tgz#5e5d2160b0ed12cc90f8f984c31133b679707040"
  dependencies:
    axios "^0.21.1"
    openapi3-ts "^2.0.0"

axios@^0.21.1:
  version "0.21.1"
  resolved "https://registry.yarnpkg.com/axios/-/axios-0.21.1.tgz#22563481962f4d6bde9a76d516ef0e5d3c09b2b8"
  dependencies:
    follow-redirects "^1.10.0"

follow-redirects@^1.10.0:
  version "1.13.2"
  resolved "https://registry.yarnpkg.com/follow-redirects/-/follow-redirects-1.13.2.tgz#dd73c8effc12728ba5cf4259d760ea5fb83e3147"

openapi3-ts@^2.0.0:
  version "2.0.1"
  resolved "https://registry.yarnpkg.com/openapi3-ts/-/openapi3-ts-2.0.1.tgz#b270aecea09e924f1886bc02a72608fca5a98d85"
  dependencies:
    yaml "^1.10.0"

yaml@^1.10.0:
  version "1.10.0"
  resolved "https://registry.yarnpkg.com/yaml/-/yaml-1.10.0.tgz#3b593add944876077d4d683fee01081bd9fff31e"
